// !$*UTF8*$!
{
	archiveVersion = 1;
	classes = {
	};
	objectVersion = 46;
	objects = {

/* Begin PBXBuildFile section */
		4DFD390B1F8B5F4D0035CC90 /* main.m in Sources */ = {isa = PBXBuildFile; fileRef = 4DFD390A1F8B5F4D0035CC90 /* main.m */; };
		4DFD390E1F8B5F4D0035CC90 /* AppDelegate.m in Sources */ = {isa = PBXBuildFile; fileRef = 4DFD390D1F8B5F4D0035CC90 /* AppDelegate.m */; };
		4DFD39111F8B5F4D0035CC90 /* ViewController.m in Sources */ = {isa = PBXBuildFile; fileRef = 4DFD39101F8B5F4D0035CC90 /* ViewController.m */; };
		4DFD39161F8B5F4D0035CC90 /* Assets.xcassets in Resources */ = {isa = PBXBuildFile; fileRef = 4DFD39151F8B5F4D0035CC90 /* Assets.xcassets */; };
		4DFD39191F8B5F4D0035CC90 /* LaunchScreen.storyboard in Resources */ = {isa = PBXBuildFile; fileRef = 4DFD39171F8B5F4D0035CC90 /* LaunchScreen.storyboard */; };
		4DFD39221F8B7B160035CC90 /* PresentationViewController.m in Sources */ = {isa = PBXBuildFile; fileRef = 4DFD39211F8B7B160035CC90 /* PresentationViewController.m */; };
/* End PBXBuildFile section */

/* Begin PBXFileReference section */
		4DFD39061F8B5F4D0035CC90 /* 3DTouch.app */ = {isa = PBXFileReference; explicitFileType = wrapper.application; includeInIndex = 0; path = 3DTouch.app; sourceTree = BUILT_PRODUCTS_DIR; };
		4DFD390A1F8B5F4D0035CC90 /* main.m */ = {isa = PBXFileReference; lastKnownFileType = sourcecode.c.objc; path = main.m; sourceTree = "<group>"; };
		4DFD390C1F8B5F4D0035CC90 /* AppDelegate.h */ = {isa = PBXFileReference; lastKnownFileType = sourcecode.c.h; path = AppDelegate.h; sourceTree = "<group>"; };
		4DFD390D1F8B5F4D0035CC90 /* AppDelegate.m */ = {isa = PBXFileReference; lastKnownFileType = sourcecode.c.objc; path = AppDelegate.m; sourceTree = "<group>"; };
		4DFD390F1F8B5F4D0035CC90 /* ViewController.h */ = {isa = PBXFileReference; lastKnownFileType = sourcecode.c.h; path = ViewController.h; sourceTree = "<group>"; };
		4DFD39101F8B5F4D0035CC90 /* ViewController.m */ = {isa = PBXFileReference; lastKnownFileType = sourcecode.c.objc; path = ViewController.m; sourceTree = "<group>"; };
		4DFD39151F8B5F4D0035CC90 /* Assets.xcassets */ = {isa = PBXFileReference; lastKnownFileType = folder.assetcatalog; path = Assets.xcassets; sourceTree = "<group>"; };
		4DFD39181F8B5F4D0035CC90 /* Base */ = {isa = PBXFileReference; lastKnownFileType = file.storyboard; name = Base; path = Base.lproj/LaunchScreen.storyboard; sourceTree = "<group>"; };
		4DFD391A1F8B5F4D0035CC90 /* Info.plist */ = {isa = PBXFileReference; lastKnownFileType = text.plist.xml; path = Info.plist; sourceTree = "<group>"; };
		4DFD39201F8B7B160035CC90 /* PresentationViewController.h */ = {isa = PBXFileReference; fileEncoding = 4; lastKnownFileType = sourcecode.c.h; path = PresentationViewController.h; sourceTree = "<group>"; };
		4DFD39211F8B7B160035CC90 /* PresentationViewController.m */ = {isa = PBXFileReference; fileEncoding = 4; lastKnownFileType = sourcecode.c.objc; path = PresentationViewController.m; sourceTree = "<group>"; };
/* End PBXFileReference section */

/* Begin PBXFrameworksBuildPhase section */
		4DFD39031F8B5F4D0035CC90 /* Frameworks */ = {
			isa = PBXFrameworksBuildPhase;
			buildActionMask = 2147483647;
			files = (
			);
			runOnlyForDeploymentPostprocessing = 0;
		};
/* End PBXFrameworksBuildPhase section */

/* Begin PBXGroup section */
		4DFD38FD1F8B5F4D0035CC90 = {
			isa = PBXGroup;
			children = (
				4DFD39081F8B5F4D0035CC90 /* 3DTouch */,
				4DFD39071F8B5F4D0035CC90 /* Products */,
			);
			sourceTree = "<group>";
		};
		4DFD39071F8B5F4D0035CC90 /* Products */ = {
			isa = PBXGroup;
			children = (
				4DFD39061F8B5F4D0035CC90 /* 3DTouch.app */,
			);
			name = Products;
			sourceTree = "<group>";
		};
		4DFD39081F8B5F4D0035CC90 /* 3DTouch */ = {
			isa = PBXGroup;
			children = (
				4DFD390C1F8B5F4D0035CC90 /* AppDelegate.h */,
				4DFD390D1F8B5F4D0035CC90 /* AppDelegate.m */,
				4DFD390F1F8B5F4D0035CC90 /* ViewController.h */,
				4DFD39101F8B5F4D0035CC90 /* ViewController.m */,
				4DFD39201F8B7B160035CC90 /* PresentationViewController.h */,
				4DFD39211F8B7B160035CC90 /* PresentationViewController.m */,
				4DFD39151F8B5F4D0035CC90 /* Assets.xcassets */,
				4DFD39171F8B5F4D0035CC90 /* LaunchScreen.storyboard */,
				4DFD391A1F8B5F4D0035CC90 /* Info.plist */,
				4DFD39091F8B5F4D0035CC90 /* Supporting Files */,
			);
			path = 3DTouch;
			sourceTree = "<group>";
		};
		4DFD39091F8B5F4D0035CC90 /* Supporting Files */ = {
			isa = PBXGroup;
			children = (
				4DFD390A1F8B5F4D0035CC90 /* main.m */,
			);
			name = "Supporting Files";
			sourceTree = "<group>";
		};
/* End PBXGroup section */

/* Begin PBXNativeTarget section */
		4DFD39051F8B5F4D0035CC90 /* 3DTouch */ = {
			isa = PBXNativeTarget;
			buildConfigurationList = 4DFD391D1F8B5F4D0035CC90 /* Build configuration list for PBXNativeTarget "3DTouch" */;
			buildPhases = (
				4DFD39021F8B5F4D0035CC90 /* Sources */,
				4DFD39031F8B5F4D0035CC90 /* Frameworks */,
				4DFD39041F8B5F4D0035CC90 /* Resources */,
			);
			buildRules = (
			);
			dependencies = (
			);
			name = 3DTouch;
			productName = 3DTouch;
			productReference = 4DFD39061F8B5F4D0035CC90 /* 3DTouch.app */;
			productType = "com.apple.product-type.application";
		};
/* End PBXNativeTarget section */

/* Begin PBXProject section */
		4DFD38FE1F8B5F4D0035CC90 /* Project object */ = {
			isa = PBXProject;
			attributes = {
				LastUpgradeCheck = 0830;
				ORGANIZATIONNAME = "XH-LWR";
				TargetAttributes = {
					4DFD39051F8B5F4D0035CC90 = {
						CreatedOnToolsVersion = 8.3.3;
						DevelopmentTeam = 9G82R54LT2;
						ProvisioningStyle = Automatic;
					};
				};
			};
			buildConfigurationList = 4DFD39011F8B5F4D0035CC90 /* Build configuration list for PBXProject "3DTouch" */;
			compatibilityVersion = "Xcode 3.2";
			developmentRegion = English;
			hasScannedForEncodings = 0;
			knownRegions = (
				en,
				Base,
			);
			mainGroup = 4DFD38FD1F8B5F4D0035CC90;
			productRefGroup = 4DFD39071F8B5F4D0035CC90 /* Products */;
			projectDirPath = "";
			projectRoot = "";
			targets = (
				4DFD39051F8B5F4D0035CC90 /* 3DTouch */,
			);
		};
/* End PBXProject section */

/* Begin PBXResourcesBuildPhase section */
		4DFD39041F8B5F4D0035CC90 /* Resources */ = {
			isa = PBXResourcesBuildPhase;
			buildActionMask = 2147483647;
			files = (
				4DFD39191F8B5F4D0035CC90 /* LaunchScreen.storyboard in Resources */,
				4DFD39161F8B5F4D0035CC90 /* Assets.xcassets in Resources */,
			);
			runOnlyForDeploymentPostprocessing = 0;
		};
/* End PBXResourcesBuildPhase section */

/* Begin PBXSourcesBuildPhase section */
		4DFD39021F8B5F4D0035CC90 /* Sources */ = {
			isa = PBXSourcesBuildPhase;
			buildActionMask = 2147483647;
			files = (
				4DFD39111F8B5F4D0035CC90 /* ViewController.m in Sources */,
				4DFD390E1F8B5F4D0035CC90 /* AppDelegate.m in Sources */,
				4DFD39221F8B7B160035CC90 /* PresentationViewController.m in Sources */,
				4DFD390B1F8B5F4D0035CC90 /* main.m in Sources */,
			);
			runOnlyForDeploymentPostprocessing = 0;
		};
/* End PBXSourcesBuildPhase section */

/* Begin PBXVariantGroup section */
		4DFD39171F8B5F4D0035CC90 /* LaunchScreen.storyboard */ = {
			isa = PBXVariantGroup;
			children = (
				4DFD39181F8B5F4D0035CC90 /* Base */,
			);
			name = LaunchScreen.storyboard;
			sourceTree = "<group>";
		};
/* End PBXVariantGroup section */

/* Begin XCBuildConfiguration section */
		4DFD391B1F8B5F4D0035CC90 /* Debug */ = {
			isa = XCBuildConfiguration;
			buildSettings = {
				ALWAYS_SEARCH_USER_PATHS = NO;
				CLANG_ANALYZER_NONNULL = YES;
				CLANG_ANALYZER_NUMBER_OBJECT_CONVERSION = YES_AGGRESSIVE;
				CLANG_CXX_LANGUAGE_STANDARD = "gnu++0x";
				CLANG_CXX_LIBRARY = "libc++";
				CLANG_ENABLE_MODULES = YES;
				CLANG_ENABLE_OBJC_ARC = YES;
				CLANG_WARN_BOOL_CONVERSION = YES;
				CLANG_WARN_CONSTANT_CONVERSION = YES;
				CLANG_WARN_DIRECT_OBJC_ISA_USAGE = YES_ERROR;
				CLANG_WARN_DOCUMENTATION_COMMENTS = YES;
				CLANG_WARN_EMPTY_BODY = YES;
				CLANG_WARN_ENUM_CONVERSION = YES;
				CLANG_WARN_INFINITE_RECURSION = YES;
				CLANG_WARN_INT_CONVERSION = YES;
				CLANG_WARN_OBJC_ROOT_CLASS = YES_ERROR;
				CLANG_WARN_SUSPICIOUS_MOVE = YES;
				CLANG_WARN_UNREACHABLE_CODE = YES;
				CLANG_WARN__DUPLICATE_METHOD_MATCH = YES;
				"CODE_SIGN_IDENTITY[sdk=iphoneos*]" = "iPhone Developer";
				COPY_PHASE_STRIP = NO;
				DEBUG_INFORMATION_FORMAT = dwarf;
				ENABLE_STRICT_OBJC_MSGSEND = YES;
				ENABLE_TESTABILITY = YES;
				GCC_C_LANGUAGE_STANDARD = gnu99;
				GCC_DYNAMIC_NO_PIC = NO;
				GCC_NO_COMMON_BLOCKS = YES;
				GCC_OPTIMIZATION_LEVEL = 0;
				GCC_PREPROCESSOR_DEFINITIONS = (
					"DEBUG=1",
					"$(inherited)",
				);
				GCC_WARN_64_TO_32_BIT_CONVERSION = YES;
				GCC_WARN_ABOUT_RETURN_TYPE = YES_ERROR;
				GCC_WARN_UNDECLARED_SELECTOR = YES;
				GCC_WARN_UNINITIALIZED_AUTOS = YES_AGGRESSIVE;
				GCC_WARN_UNUSED_FUNCTION = YES;
				GCC_WARN_UNUSED_VARIABLE = YES;
				IPHONEOS_DEPLOYMENT_TARGET = 10.3;
				MTL_ENABLE_DEBUG_INFO = YES;
				ONLY_ACTIVE_ARCH = YES;
				SDKROOT = iphoneos;
			};
			name = Debug;
		};
		4DFD391C1F8B5F4D0035CC90 /* Release */ = {
			isa = XCBuildConfiguration;
			buildSettings = {
				ALWAYS_SEARCH_USER_PATHS = NO;
				CLANG_ANALYZER_NONNULL = YES;
				CLANG_ANALYZER_NUMBER_OBJECT_CONVERSION = YES_AGGRESSIVE;
				CLANG_CXX_LANGUAGE_STANDARD = "gnu++0x";
				CLANG_CXX_LIBRARY = "libc++";
				CLANG_ENABLE_MODULES = YES;
				CLANG_ENABLE_OBJC_ARC = YES;
				CLANG_WARN_BOOL_CONVERSION = YES;
				CLANG_WARN_CONSTANT_CONVERSION = YES;
				CLANG_WARN_DIRECT_OBJC_ISA_USAGE = YES_ERROR;
				CLANG_WARN_DOCUMENTATION_COMMENTS = YES;
				CLANG_WARN_EMPTY_BODY = YES;
				CLANG_WARN_ENUM_CONVERSION = YES;
				CLANG_WARN_INFINITE_RECURSION = YES;
				CLANG_WARN_INT_CONVERSION = YES;
				CLANG_WARN_OBJC_ROOT_CLASS = YES_ERROR;
				CLANG_WARN_SUSPICIOUS_MOVE = YES;
				CLANG_WARN_UNREACHABLE_CODE = YES;
				CLANG_WARN__DUPLICATE_METHOD_MATCH = YES;
				"CODE_SIGN_IDENTITY[sdk=iphoneos*]" = "iPhone Developer";
				COPY_PHASE_STRIP = NO;
				DEBUG_INFORMATION_FORMAT = "dwarf-with-dsym";
				ENABLE_NS_ASSERTIONS = NO;
				ENABLE_STRICT_OBJC_MSGSEND = YES;
				GCC_C_LANGUAGE_STANDARD = gnu99;
				GCC_NO_COMMON_BLOCKS = YES;
				GCC_WARN_64_TO_32_BIT_CONVERSION = YES;
				GCC_WARN_ABOUT_RETURN_TYPE = YES_ERROR;
				GCC_WARN_UNDECLARED_SELECTOR = YES;
				GCC_WARN_UNINITIALIZED_AUTOS = YES_AGGRESSIVE;
				GCC_WARN_UNUSED_FUNCTION = YES;
				GCC_WARN_UNUSED_VARIABLE = YES;
				IPHONEOS_DEPLOYMENT_TARGET = 10.3;
				MTL_ENABLE_DEBUG_INFO = NO;
				SDKROOT = iphoneos;
				VALIDATE_PRODUCT = YES;
			};
			name = Release;
		};
		4DFD391E1F8B5F4D0035CC90 /* Debug */ = {
			isa = XCBuildConfiguration;
			buildSettings = {
				ASSETCATALOG_COMPILER_APPICON_NAME = AppIcon;
				DEVELOPMENT_TEAM = 9G82R54LT2;
				INFOPLIST_FILE = 3DTouch/Info.plist;
				LD_RUNPATH_SEARCH_PATHS = "$(inherited) @executable_path/Frameworks";
				PRODUCT_BUNDLE_IDENTIFIER = "xiangha.-DTouch";
				PRODUCT_NAME = "$(TARGET_NAME)";
			};
			name = Debug;
		};
		4DFD391F1F8B5F4D0035CC90 /* Release */ = {
			isa = XCBuildConfiguration;
			buildSettings = {
				ASSETCATALOG_COMPILER_APPICON_NAME = AppIcon;
				DEVELOPMENT_TEAM = 9G82R54LT2;
				INFOPLIST_FILE = 3DTouch/Info.plist;
				LD_RUNPATH_SEARCH_PATHS = "$(inherited) @executable_path/Frameworks";
				PRODUCT_BUNDLE_IDENTIFIER = "xiangha.-DTouch";
				PRODUCT_NAME = "$(TARGET_NAME)";
			};
			name = Release;
		};
/* End XCBuildConfiguration section */

/* Begin XCConfigurationList section */
		4DFD39011F8B5F4D0035CC90 /* Build configuration list for PBXProject "3DTouch" */ = {
			isa = XCConfigurationList;
			buildConfigurations = (
				4DFD391B1F8B5F4D0035CC90 /* Debug */,
				4DFD391C1F8B5F4D0035CC90 /* Release */,
			);
			defaultConfigurationIsVisible = 0;
			defaultConfigurationName = Release;
		};
		4DFD391D1F8B5F4D0035CC90 /* Build configuration list for PBXNativeTarget "3DTouch" */ = {
			isa = XCConfigurationList;
			buildConfigurations = (
				4DFD391E1F8B5F4D0035CC90 /* Debug */,
				4DFD391F1F8B5F4D0035CC90 /* Release */,
			);
			defaultConfigurationIsVisible = 0;
		};
/* End XCConfigurationList section */
	};
	rootObject = 4DFD38FE1F8B5F4D0035CC90 /* Project object */;
}
